
Microsoft Visual Studio Solution File, Format Version 12.00
# Visual Studio Version 16
VisualStudioVersion = 16.0.31105.61
MinimumVisualStudioVersion = 10.0.40219.1
Project("{FAE04EC0-301F-11D3-BF4B-00C04F79EFBC}") = "geta-m3-pp-week", "geta-m3-pp-week.csproj", "{60F1A000-1A3A-4AF8-B3E6-8B99128EB073}"
EndProject
Global
	GlobalSection(SolutionConfigurationPlatforms) = preSolution
		Debug|Any CPU = Debug|Any CPU
		Release|Any CPU = Release|Any CPU
	EndGlobalSection
	GlobalSection(ProjectConfigurationPlatforms) = postSolution
		{60F1A000-1A3A-4AF8-B3E6-8B99128EB073}.Debug|Any CPU.ActiveCfg = Debug|Any CPU
		{60F1A000-1A3A-4AF8-B3E6-8B99128EB073}.Debug|Any CPU.Build.0 = Debug|Any CPU
		{60F1A000-1A3A-4AF8-B3E6-8B99128EB073}.Release|Any CPU.ActiveCfg = Release|Any CPU
		{60F1A000-1A3A-4AF8-B3E6-8B99128EB073}.Release|Any CPU.Build.0 = Release|Any CPU
	EndGlobalSection
	GlobalSection(SolutionProperties) = preSolution
		HideSolutionNode = FALSE
	EndGlobalSection
	GlobalSection(ExtensibilityGlobals) = postSolution
		SolutionGuid = {7ECC9041-4E6E-45E2-BC1D-F75FB14EA081}
	EndGlobalSection
EndGlobal
